{
	"name": "@nan0web/ui-cli",
	"version": "2.0.0",
	"lockfileVersion": 3,
	"requires": true,
	"packages": {
		"": {
			"name": "@nan0web/ui-cli",
			"version": "2.0.0",
			"license": "ISC",
			"dependencies": {
				"@nan0web/co": "^2.0.0",
				"@nan0web/event": "^1.0.0",
				"@nan0web/ui": "^1.1.0",
				"prompts": "^2.4.2"
			},
			"devDependencies": {
				"@nan0web/db-fs": "1.0.0",
				"@nan0web/i18n": "^1.0.1",
				"@nan0web/log": "1.1.1",
				"@nan0web/test": "1.1.0",
				"@types/node": "^24.10.1"
			}
		},
		"../../node_modules/.pnpm/@nan0web+co@2.0.0/node_modules/@nan0web/co": {
			"version": "2.0.0",
			"license": "ISC",
			"dependencies": {
				"@nan0web/event": "^1.0.0",
				"@nan0web/types": "1.2.0"
			},
			"devDependencies": {
				"@nan0web/log": "1.0.0",
				"@nan0web/release": "1.0.1",
				"@nan0web/test": "1.1.0",
				"@nan0web/ui-cli": "1.0.0",
				"husky": "^9.1.7"
			}
		},
		"../../node_modules/.pnpm/@nan0web+db-fs@1.0.0_@nan0web+db@packages+ui-cli+packages+db_@nan0web+types@packages+ui-cli+packages+types/node_modules/@nan0web/db-fs": {
			"version": "1.0.0",
			"dev": true,
			"license": "ISC",
			"devDependencies": {
				"@nan0web/db": "workspace:*",
				"@nan0web/release": "workspace:*",
				"@nan0web/test": "workspace:*",
				"@nan0web/types": "workspace:*",
				"husky": "^9.1.7"
			},
			"peerDependencies": {
				"@nan0web/db": "^1.0.0",
				"@nan0web/types": "^1.0.0"
			}
		},
		"../../node_modules/.pnpm/@nan0web+event@1.0.0/node_modules/@nan0web/event": {
			"version": "1.0.0",
			"license": "ISC",
			"devDependencies": {
				"@nan0web/release": "workspace:*",
				"@nan0web/test": "workspace:*",
				"husky": "^9.1.7"
			}
		},
		"../../node_modules/.pnpm/@nan0web+i18n@1.0.1_@nan0web+db@packages+ui-cli+packages+db_@nan0web+event@1.0.0/node_modules/@nan0web/i18n": {
			"version": "1.0.1",
			"dev": true,
			"license": "ISC",
			"bin": {
				"i18n": "scripts/cli.js"
			},
			"devDependencies": {
				"@nan0web/db": "^1.0.2",
				"@nan0web/db-fs": "^1.0.0",
				"@nan0web/event": "^1.0.0",
				"@nan0web/log": "^1.0.0",
				"@nan0web/test": "^1.0.2",
				"husky": "^9.1.7"
			},
			"peerDependencies": {
				"@nan0web/db": "^1.0.2",
				"@nan0web/event": "^1.0.0"
			}
		},
		"../../node_modules/.pnpm/@nan0web+log@1.1.1/node_modules/@nan0web/log": {
			"version": "1.1.1",
			"dev": true,
			"license": "ISC",
			"dependencies": {
				"@nan0web/types": "^1.2.0",
				"string-width": "^7.2.0"
			},
			"devDependencies": {
				"@nan0web/db-fs": "1.0.0",
				"@nan0web/release": "1.0.1",
				"@nan0web/test": "1.1.0",
				"husky": "^9.1.7",
				"knip": "^5.82.1"
			}
		},
		"../../node_modules/.pnpm/@nan0web+test@1.1.0_@nan0web+event@1.0.0_bufferutil@4.0.9/node_modules/@nan0web/test": {
			"version": "1.1.0",
			"dev": true,
			"license": "ISC",
			"dependencies": {
				"@nan0web/co": "^1.1.1",
				"@nan0web/db": "^1.1.2",
				"@nan0web/db-fs": "^1.0.0",
				"@nan0web/markdown": "^1.0.2",
				"@nan0web/types": "^1.1.0",
				"happy-dom": "^18.0.1"
			},
			"bin": {
				"nan0test": "bin/nan0test.js"
			},
			"devDependencies": {
				"@nan0web/ui-cli": "^1.0.0",
				"husky": "^9.1.7"
			}
		},
		"../../node_modules/.pnpm/@nan0web+ui@1.1.0/node_modules/@nan0web/ui": {
			"version": "1.1.0",
			"license": "ISC",
			"dependencies": {
				"@nan0web/co": "^2.0.0",
				"@nan0web/event": "^1.0.0",
				"@nan0web/types": "^1.2.0",
				"string-width": "^7.2.0"
			},
			"devDependencies": {
				"@nan0web/event": "^1.0.0",
				"@nan0web/i18n": "^1.0.1",
				"@nan0web/release": "1.0.1",
				"@nan0web/test": "1.1.0",
				"@nan0web/ui-cli": "1.0.2",
				"@vitest/coverage-v8": "^3.2.4",
				"husky": "^9.1.7",
				"vitest": "^3.2.4"
			}
		},
		"../../node_modules/.pnpm/@types+node@24.10.2/node_modules/@types/node": {
			"version": "24.10.2",
			"dev": true,
			"license": "MIT",
			"dependencies": {
				"undici-types": "~7.16.0"
			}
		},
		"node_modules/@nan0web/co": {
			"resolved": "../../node_modules/.pnpm/@nan0web+co@2.0.0/node_modules/@nan0web/co",
			"link": true
		},
		"node_modules/@nan0web/db-fs": {
			"resolved": "../../node_modules/.pnpm/@nan0web+db-fs@1.0.0_@nan0web+db@packages+ui-cli+packages+db_@nan0web+types@packages+ui-cli+packages+types/node_modules/@nan0web/db-fs",
			"link": true
		},
		"node_modules/@nan0web/event": {
			"resolved": "../../node_modules/.pnpm/@nan0web+event@1.0.0/node_modules/@nan0web/event",
			"link": true
		},
		"node_modules/@nan0web/i18n": {
			"resolved": "../../node_modules/.pnpm/@nan0web+i18n@1.0.1_@nan0web+db@packages+ui-cli+packages+db_@nan0web+event@1.0.0/node_modules/@nan0web/i18n",
			"link": true
		},
		"node_modules/@nan0web/log": {
			"resolved": "../../node_modules/.pnpm/@nan0web+log@1.1.1/node_modules/@nan0web/log",
			"link": true
		},
		"node_modules/@nan0web/test": {
			"resolved": "../../node_modules/.pnpm/@nan0web+test@1.1.0_@nan0web+event@1.0.0_bufferutil@4.0.9/node_modules/@nan0web/test",
			"link": true
		},
		"node_modules/@nan0web/ui": {
			"resolved": "../../node_modules/.pnpm/@nan0web+ui@1.1.0/node_modules/@nan0web/ui",
			"link": true
		},
		"node_modules/@types/node": {
			"resolved": "../../node_modules/.pnpm/@types+node@24.10.2/node_modules/@types/node",
			"link": true
		},
		"node_modules/kleur": {
			"version": "3.0.3",
			"resolved": "https://registry.npmjs.org/kleur/-/kleur-3.0.3.tgz",
			"integrity": "sha512-eTIzlVOSUR+JxdDFepEYcBMtZ9Qqdef+rnzWdRZuMbOywu5tO2w2N7rqjoANZ5k9vywhL6Br1VRjUIgTQx4E8w==",
			"license": "MIT",
			"engines": {
				"node": ">=6"
			}
		},
		"node_modules/prompts": {
			"version": "2.4.2",
			"resolved": "https://registry.npmjs.org/prompts/-/prompts-2.4.2.tgz",
			"integrity": "sha512-NxNv/kLguCA7p3jE8oL2aEBsrJWgAakBpgmgK6lpPWV+WuOmY6r2/zbAVnP+T8bQlA0nzHXSJSJW0Hq7ylaD2Q==",
			"license": "MIT",
			"dependencies": {
				"kleur": "^3.0.3",
				"sisteransi": "^1.0.5"
			},
			"engines": {
				"node": ">= 6"
			}
		},
		"node_modules/sisteransi": {
			"version": "1.0.5",
			"resolved": "https://registry.npmjs.org/sisteransi/-/sisteransi-1.0.5.tgz",
			"integrity": "sha512-bLGGlR1QxBcynn2d5YmDX4MGjlZvy2MRBDRNHLJ8VI6l6+9FUiyTFNJ0IveOSP0bcXgVDPRcfGqA0pjaqUpfVg==",
			"license": "MIT"
		}
	}
}
